// !$*UTF8*$!
{
	archiveVersion = 1;
	classes = {
	};
	objectVersion = 56;
	objects = {

/* Begin PBXBuildFile section */
		60DA032F2A423A6400C86A92 /* AppDelegate.swift in Sources */ = {isa = PBXBuildFile; fileRef = 60DA032E2A423A6400C86A92 /* AppDelegate.swift */; };
		60DA03312A423A6400C86A92 /* SceneDelegate.swift in Sources */ = {isa = PBXBuildFile; fileRef = 60DA03302A423A6400C86A92 /* SceneDelegate.swift */; };
		60DA03332A423A6400C86A92 /* CalculatorVC.swift in Sources */ = {isa = PBXBuildFile; fileRef = 60DA03322A423A6400C86A92 /* CalculatorVC.swift */; };
		60DA03382A423A6500C86A92 /* Assets.xcassets in Resources */ = {isa = PBXBuildFile; fileRef = 60DA03372A423A6500C86A92 /* Assets.xcassets */; };
		60DA033B2A423A6500C86A92 /* LaunchScreen.storyboard in Resources */ = {isa = PBXBuildFile; fileRef = 60DA03392A423A6500C86A92 /* LaunchScreen.storyboard */; };
		60DA03462A423A6500C86A92 /* tip_calculatorTests.swift in Sources */ = {isa = PBXBuildFile; fileRef = 60DA03452A423A6500C86A92 /* tip_calculatorTests.swift */; };
		60DA03502A423A6500C86A92 /* tip_calculatorUITests.swift in Sources */ = {isa = PBXBuildFile; fileRef = 60DA034F2A423A6500C86A92 /* tip_calculatorUITests.swift */; };
		60DA03522A423A6500C86A92 /* tip_calculatorUITestsLaunchTests.swift in Sources */ = {isa = PBXBuildFile; fileRef = 60DA03512A423A6500C86A92 /* tip_calculatorUITestsLaunchTests.swift */; };
		60DA03602A423AEE00C86A92 /* CombineCocoa in Frameworks */ = {isa = PBXBuildFile; productRef = 60DA035F2A423AEE00C86A92 /* CombineCocoa */; };
		60DA03632A423B2700C86A92 /* SnapKit in Frameworks */ = {isa = PBXBuildFile; productRef = 60DA03622A423B2700C86A92 /* SnapKit */; };
		60DA03662A423B6000C86A92 /* CombineCocoa in Frameworks */ = {isa = PBXBuildFile; productRef = 60DA03652A423B6000C86A92 /* CombineCocoa */; };
		60DA03692A423B9E00C86A92 /* SnapshotTesting in Frameworks */ = {isa = PBXBuildFile; productRef = 60DA03682A423B9E00C86A92 /* SnapshotTesting */; };
		60DA036B2A423BB400C86A92 /* CombineCocoa in Frameworks */ = {isa = PBXBuildFile; productRef = 60DA036A2A423BB400C86A92 /* CombineCocoa */; };
		60DA036E2A45784300C86A92 /* LogoView.swift in Sources */ = {isa = PBXBuildFile; fileRef = 60DA036D2A45784300C86A92 /* LogoView.swift */; };
		60DA03702A4578F500C86A92 /* ResultView.swift in Sources */ = {isa = PBXBuildFile; fileRef = 60DA036F2A4578F500C86A92 /* ResultView.swift */; };
		60DA03722A457A3200C86A92 /* BillInputView.swift in Sources */ = {isa = PBXBuildFile; fileRef = 60DA03712A457A3200C86A92 /* BillInputView.swift */; };
		60DA03742A457A4200C86A92 /* TipInputView.swift in Sources */ = {isa = PBXBuildFile; fileRef = 60DA03732A457A4200C86A92 /* TipInputView.swift */; };
		60DA03762A457A5500C86A92 /* SplitInputView.swift in Sources */ = {isa = PBXBuildFile; fileRef = 60DA03752A457A5500C86A92 /* SplitInputView.swift */; };
		60DA03792A4580AF00C86A92 /* ThemeColor.swift in Sources */ = {isa = PBXBuildFile; fileRef = 60DA03782A4580AF00C86A92 /* ThemeColor.swift */; };
		60DA037B2A4580B600C86A92 /* ThemeFont.swift in Sources */ = {isa = PBXBuildFile; fileRef = 60DA037A2A4580B600C86A92 /* ThemeFont.swift */; };
		60DA037E2A4580E300C86A92 /* UIColor+Extension.swift in Sources */ = {isa = PBXBuildFile; fileRef = 60DA037D2A4580E300C86A92 /* UIColor+Extension.swift */; };
		60DA03812A47864B00C86A92 /* LabelFactory.swift in Sources */ = {isa = PBXBuildFile; fileRef = 60DA03802A47864B00C86A92 /* LabelFactory.swift */; };
/* End PBXBuildFile section */

/* Begin PBXContainerItemProxy section */
		60DA03422A423A6500C86A92 /* PBXContainerItemProxy */ = {
			isa = PBXContainerItemProxy;
			containerPortal = 60DA03232A423A6400C86A92 /* Project object */;
			proxyType = 1;
			remoteGlobalIDString = 60DA032A2A423A6400C86A92;
			remoteInfo = "tip-calculator";
		};
		60DA034C2A423A6500C86A92 /* PBXContainerItemProxy */ = {
			isa = PBXContainerItemProxy;
			containerPortal = 60DA03232A423A6400C86A92 /* Project object */;
			proxyType = 1;
			remoteGlobalIDString = 60DA032A2A423A6400C86A92;
			remoteInfo = "tip-calculator";
		};
/* End PBXContainerItemProxy section */

/* Begin PBXFileReference section */
		60DA032B2A423A6400C86A92 /* tip-calculator.app */ = {isa = PBXFileReference; explicitFileType = wrapper.application; includeInIndex = 0; path = "tip-calculator.app"; sourceTree = BUILT_PRODUCTS_DIR; };
		60DA032E2A423A6400C86A92 /* AppDelegate.swift */ = {isa = PBXFileReference; lastKnownFileType = sourcecode.swift; path = AppDelegate.swift; sourceTree = "<group>"; };
		60DA03302A423A6400C86A92 /* SceneDelegate.swift */ = {isa = PBXFileReference; lastKnownFileType = sourcecode.swift; path = SceneDelegate.swift; sourceTree = "<group>"; };
		60DA03322A423A6400C86A92 /* CalculatorVC.swift */ = {isa = PBXFileReference; lastKnownFileType = sourcecode.swift; path = CalculatorVC.swift; sourceTree = "<group>"; };
		60DA03372A423A6500C86A92 /* Assets.xcassets */ = {isa = PBXFileReference; lastKnownFileType = folder.assetcatalog; path = Assets.xcassets; sourceTree = "<group>"; };
		60DA033A2A423A6500C86A92 /* Base */ = {isa = PBXFileReference; lastKnownFileType = file.storyboard; name = Base; path = Base.lproj/LaunchScreen.storyboard; sourceTree = "<group>"; };
		60DA033C2A423A6500C86A92 /* Info.plist */ = {isa = PBXFileReference; lastKnownFileType = text.plist.xml; path = Info.plist; sourceTree = "<group>"; };
		60DA03412A423A6500C86A92 /* tip-calculatorTests.xctest */ = {isa = PBXFileReference; explicitFileType = wrapper.cfbundle; includeInIndex = 0; path = "tip-calculatorTests.xctest"; sourceTree = BUILT_PRODUCTS_DIR; };
		60DA03452A423A6500C86A92 /* tip_calculatorTests.swift */ = {isa = PBXFileReference; lastKnownFileType = sourcecode.swift; path = tip_calculatorTests.swift; sourceTree = "<group>"; };
		60DA034B2A423A6500C86A92 /* tip-calculatorUITests.xctest */ = {isa = PBXFileReference; explicitFileType = wrapper.cfbundle; includeInIndex = 0; path = "tip-calculatorUITests.xctest"; sourceTree = BUILT_PRODUCTS_DIR; };
		60DA034F2A423A6500C86A92 /* tip_calculatorUITests.swift */ = {isa = PBXFileReference; lastKnownFileType = sourcecode.swift; path = tip_calculatorUITests.swift; sourceTree = "<group>"; };
		60DA03512A423A6500C86A92 /* tip_calculatorUITestsLaunchTests.swift */ = {isa = PBXFileReference; lastKnownFileType = sourcecode.swift; path = tip_calculatorUITestsLaunchTests.swift; sourceTree = "<group>"; };
		60DA036D2A45784300C86A92 /* LogoView.swift */ = {isa = PBXFileReference; lastKnownFileType = sourcecode.swift; path = LogoView.swift; sourceTree = "<group>"; };
		60DA036F2A4578F500C86A92 /* ResultView.swift */ = {isa = PBXFileReference; lastKnownFileType = sourcecode.swift; path = ResultView.swift; sourceTree = "<group>"; };
		60DA03712A457A3200C86A92 /* BillInputView.swift */ = {isa = PBXFileReference; lastKnownFileType = sourcecode.swift; path = BillInputView.swift; sourceTree = "<group>"; };
		60DA03732A457A4200C86A92 /* TipInputView.swift */ = {isa = PBXFileReference; lastKnownFileType = sourcecode.swift; path = TipInputView.swift; sourceTree = "<group>"; };
		60DA03752A457A5500C86A92 /* SplitInputView.swift */ = {isa = PBXFileReference; lastKnownFileType = sourcecode.swift; path = SplitInputView.swift; sourceTree = "<group>"; };
		60DA03782A4580AF00C86A92 /* ThemeColor.swift */ = {isa = PBXFileReference; lastKnownFileType = sourcecode.swift; path = ThemeColor.swift; sourceTree = "<group>"; };
		60DA037A2A4580B600C86A92 /* ThemeFont.swift */ = {isa = PBXFileReference; lastKnownFileType = sourcecode.swift; path = ThemeFont.swift; sourceTree = "<group>"; };
		60DA037D2A4580E300C86A92 /* UIColor+Extension.swift */ = {isa = PBXFileReference; lastKnownFileType = sourcecode.swift; path = "UIColor+Extension.swift"; sourceTree = "<group>"; };
		60DA03802A47864B00C86A92 /* LabelFactory.swift */ = {isa = PBXFileReference; lastKnownFileType = sourcecode.swift; path = LabelFactory.swift; sourceTree = "<group>"; };
/* End PBXFileReference section */

/* Begin PBXFrameworksBuildPhase section */
		60DA03282A423A6400C86A92 /* Frameworks */ = {
			isa = PBXFrameworksBuildPhase;
			buildActionMask = 2147483647;
			files = (
				60DA03602A423AEE00C86A92 /* CombineCocoa in Frameworks */,
				60DA03632A423B2700C86A92 /* SnapKit in Frameworks */,
			);
			runOnlyForDeploymentPostprocessing = 0;
		};
		60DA033E2A423A6500C86A92 /* Frameworks */ = {
			isa = PBXFrameworksBuildPhase;
			buildActionMask = 2147483647;
			files = (
				60DA03662A423B6000C86A92 /* CombineCocoa in Frameworks */,
				60DA03692A423B9E00C86A92 /* SnapshotTesting in Frameworks */,
			);
			runOnlyForDeploymentPostprocessing = 0;
		};
		60DA03482A423A6500C86A92 /* Frameworks */ = {
			isa = PBXFrameworksBuildPhase;
			buildActionMask = 2147483647;
			files = (
				60DA036B2A423BB400C86A92 /* CombineCocoa in Frameworks */,
			);
			runOnlyForDeploymentPostprocessing = 0;
		};
/* End PBXFrameworksBuildPhase section */

/* Begin PBXGroup section */
		60DA03222A423A6400C86A92 = {
			isa = PBXGroup;
			children = (
				60DA032D2A423A6400C86A92 /* tip-calculator */,
				60DA03442A423A6500C86A92 /* tip-calculatorTests */,
				60DA034E2A423A6500C86A92 /* tip-calculatorUITests */,
				60DA032C2A423A6400C86A92 /* Products */,
				60DA03642A423B6000C86A92 /* Frameworks */,
			);
			sourceTree = "<group>";
		};
		60DA032C2A423A6400C86A92 /* Products */ = {
			isa = PBXGroup;
			children = (
				60DA032B2A423A6400C86A92 /* tip-calculator.app */,
				60DA03412A423A6500C86A92 /* tip-calculatorTests.xctest */,
				60DA034B2A423A6500C86A92 /* tip-calculatorUITests.xctest */,
			);
			name = Products;
			sourceTree = "<group>";
		};
		60DA032D2A423A6400C86A92 /* tip-calculator */ = {
			isa = PBXGroup;
			children = (
				60DA037F2A47863E00C86A92 /* Factory */,
				60DA037C2A4580D000C86A92 /* Extentions */,
				60DA03772A4580A300C86A92 /* config */,
				60DA036C2A45783400C86A92 /* View */,
				60DA032E2A423A6400C86A92 /* AppDelegate.swift */,
				60DA03302A423A6400C86A92 /* SceneDelegate.swift */,
				60DA03322A423A6400C86A92 /* CalculatorVC.swift */,
				60DA03372A423A6500C86A92 /* Assets.xcassets */,
				60DA03392A423A6500C86A92 /* LaunchScreen.storyboard */,
				60DA033C2A423A6500C86A92 /* Info.plist */,
			);
			path = "tip-calculator";
			sourceTree = "<group>";
		};
		60DA03442A423A6500C86A92 /* tip-calculatorTests */ = {
			isa = PBXGroup;
			children = (
				60DA03452A423A6500C86A92 /* tip_calculatorTests.swift */,
			);
			path = "tip-calculatorTests";
			sourceTree = "<group>";
		};
		60DA034E2A423A6500C86A92 /* tip-calculatorUITests */ = {
			isa = PBXGroup;
			children = (
				60DA034F2A423A6500C86A92 /* tip_calculatorUITests.swift */,
				60DA03512A423A6500C86A92 /* tip_calculatorUITestsLaunchTests.swift */,
			);
			path = "tip-calculatorUITests";
			sourceTree = "<group>";
		};
		60DA03642A423B6000C86A92 /* Frameworks */ = {
			isa = PBXGroup;
			children = (
			);
			name = Frameworks;
			sourceTree = "<group>";
		};
		60DA036C2A45783400C86A92 /* View */ = {
			isa = PBXGroup;
			children = (
				60DA036D2A45784300C86A92 /* LogoView.swift */,
				60DA036F2A4578F500C86A92 /* ResultView.swift */,
				60DA03712A457A3200C86A92 /* BillInputView.swift */,
				60DA03732A457A4200C86A92 /* TipInputView.swift */,
				60DA03752A457A5500C86A92 /* SplitInputView.swift */,
			);
			path = View;
			sourceTree = "<group>";
		};
		60DA03772A4580A300C86A92 /* config */ = {
			isa = PBXGroup;
			children = (
				60DA03782A4580AF00C86A92 /* ThemeColor.swift */,
				60DA037A2A4580B600C86A92 /* ThemeFont.swift */,
			);
			path = config;
			sourceTree = "<group>";
		};
		60DA037C2A4580D000C86A92 /* Extentions */ = {
			isa = PBXGroup;
			children = (
				60DA037D2A4580E300C86A92 /* UIColor+Extension.swift */,
			);
			path = Extentions;
			sourceTree = "<group>";
		};
		60DA037F2A47863E00C86A92 /* Factory */ = {
			isa = PBXGroup;
			children = (
				60DA03802A47864B00C86A92 /* LabelFactory.swift */,
			);
			path = Factory;
			sourceTree = "<group>";
		};
/* End PBXGroup section */

/* Begin PBXNativeTarget section */
		60DA032A2A423A6400C86A92 /* tip-calculator */ = {
			isa = PBXNativeTarget;
			buildConfigurationList = 60DA03552A423A6500C86A92 /* Build configuration list for PBXNativeTarget "tip-calculator" */;
			buildPhases = (
				60DA03272A423A6400C86A92 /* Sources */,
				60DA03282A423A6400C86A92 /* Frameworks */,
				60DA03292A423A6400C86A92 /* Resources */,
			);
			buildRules = (
			);
			dependencies = (
			);
			name = "tip-calculator";
			packageProductDependencies = (
				60DA035F2A423AEE00C86A92 /* CombineCocoa */,
				60DA03622A423B2700C86A92 /* SnapKit */,
			);
			productName = "tip-calculator";
			productReference = 60DA032B2A423A6400C86A92 /* tip-calculator.app */;
			productType = "com.apple.product-type.application";
		};
		60DA03402A423A6500C86A92 /* tip-calculatorTests */ = {
			isa = PBXNativeTarget;
			buildConfigurationList = 60DA03582A423A6500C86A92 /* Build configuration list for PBXNativeTarget "tip-calculatorTests" */;
			buildPhases = (
				60DA033D2A423A6500C86A92 /* Sources */,
				60DA033E2A423A6500C86A92 /* Frameworks */,
				60DA033F2A423A6500C86A92 /* Resources */,
			);
			buildRules = (
			);
			dependencies = (
				60DA03432A423A6500C86A92 /* PBXTargetDependency */,
			);
			name = "tip-calculatorTests";
			packageProductDependencies = (
				60DA03652A423B6000C86A92 /* CombineCocoa */,
				60DA03682A423B9E00C86A92 /* SnapshotTesting */,
			);
			productName = "tip-calculatorTests";
			productReference = 60DA03412A423A6500C86A92 /* tip-calculatorTests.xctest */;
			productType = "com.apple.product-type.bundle.unit-test";
		};
		60DA034A2A423A6500C86A92 /* tip-calculatorUITests */ = {
			isa = PBXNativeTarget;
			buildConfigurationList = 60DA035B2A423A6500C86A92 /* Build configuration list for PBXNativeTarget "tip-calculatorUITests" */;
			buildPhases = (
				60DA03472A423A6500C86A92 /* Sources */,
				60DA03482A423A6500C86A92 /* Frameworks */,
				60DA03492A423A6500C86A92 /* Resources */,
			);
			buildRules = (
			);
			dependencies = (
				60DA034D2A423A6500C86A92 /* PBXTargetDependency */,
			);
			name = "tip-calculatorUITests";
			packageProductDependencies = (
				60DA036A2A423BB400C86A92 /* CombineCocoa */,
			);
			productName = "tip-calculatorUITests";
			productReference = 60DA034B2A423A6500C86A92 /* tip-calculatorUITests.xctest */;
			productType = "com.apple.product-type.bundle.ui-testing";
		};
/* End PBXNativeTarget section */

/* Begin PBXProject section */
		60DA03232A423A6400C86A92 /* Project object */ = {
			isa = PBXProject;
			attributes = {
				BuildIndependentTargetsInParallel = 1;
				LastSwiftUpdateCheck = 1430;
				LastUpgradeCheck = 1430;
				TargetAttributes = {
					60DA032A2A423A6400C86A92 = {
						CreatedOnToolsVersion = 14.3.1;
					};
					60DA03402A423A6500C86A92 = {
						CreatedOnToolsVersion = 14.3.1;
						TestTargetID = 60DA032A2A423A6400C86A92;
					};
					60DA034A2A423A6500C86A92 = {
						CreatedOnToolsVersion = 14.3.1;
						TestTargetID = 60DA032A2A423A6400C86A92;
					};
				};
			};
			buildConfigurationList = 60DA03262A423A6400C86A92 /* Build configuration list for PBXProject "tip-calculator" */;
			compatibilityVersion = "Xcode 14.0";
			developmentRegion = en;
			hasScannedForEncodings = 0;
			knownRegions = (
				en,
				Base,
			);
			mainGroup = 60DA03222A423A6400C86A92;
			packageReferences = (
				60DA035E2A423AEE00C86A92 /* XCRemoteSwiftPackageReference "CombineCocoa" */,
				60DA03612A423B2700C86A92 /* XCRemoteSwiftPackageReference "SnapKit" */,
				60DA03672A423B9E00C86A92 /* XCRemoteSwiftPackageReference "swift-snapshot-testing" */,
			);
			productRefGroup = 60DA032C2A423A6400C86A92 /* Products */;
			projectDirPath = "";
			projectRoot = "";
			targets = (
				60DA032A2A423A6400C86A92 /* tip-calculator */,
				60DA03402A423A6500C86A92 /* tip-calculatorTests */,
				60DA034A2A423A6500C86A92 /* tip-calculatorUITests */,
			);
		};
/* End PBXProject section */

/* Begin PBXResourcesBuildPhase section */
		60DA03292A423A6400C86A92 /* Resources */ = {
			isa = PBXResourcesBuildPhase;
			buildActionMask = 2147483647;
			files = (
				60DA033B2A423A6500C86A92 /* LaunchScreen.storyboard in Resources */,
				60DA03382A423A6500C86A92 /* Assets.xcassets in Resources */,
			);
			runOnlyForDeploymentPostprocessing = 0;
		};
		60DA033F2A423A6500C86A92 /* Resources */ = {
			isa = PBXResourcesBuildPhase;
			buildActionMask = 2147483647;
			files = (
			);
			runOnlyForDeploymentPostprocessing = 0;
		};
		60DA03492A423A6500C86A92 /* Resources */ = {
			isa = PBXResourcesBuildPhase;
			buildActionMask = 2147483647;
			files = (
			);
			runOnlyForDeploymentPostprocessing = 0;
		};
/* End PBXResourcesBuildPhase section */

/* Begin PBXSourcesBuildPhase section */
		60DA03272A423A6400C86A92 /* Sources */ = {
			isa = PBXSourcesBuildPhase;
			buildActionMask = 2147483647;
			files = (
				60DA03332A423A6400C86A92 /* CalculatorVC.swift in Sources */,
				60DA036E2A45784300C86A92 /* LogoView.swift in Sources */,
				60DA03792A4580AF00C86A92 /* ThemeColor.swift in Sources */,
				60DA037E2A4580E300C86A92 /* UIColor+Extension.swift in Sources */,
				60DA03722A457A3200C86A92 /* BillInputView.swift in Sources */,
				60DA03702A4578F500C86A92 /* ResultView.swift in Sources */,
				60DA032F2A423A6400C86A92 /* AppDelegate.swift in Sources */,
				60DA037B2A4580B600C86A92 /* ThemeFont.swift in Sources */,
				60DA03312A423A6400C86A92 /* SceneDelegate.swift in Sources */,
				60DA03812A47864B00C86A92 /* LabelFactory.swift in Sources */,
				60DA03762A457A5500C86A92 /* SplitInputView.swift in Sources */,
				60DA03742A457A4200C86A92 /* TipInputView.swift in Sources */,
			);
			runOnlyForDeploymentPostprocessing = 0;
		};
		60DA033D2A423A6500C86A92 /* Sources */ = {
			isa = PBXSourcesBuildPhase;
			buildActionMask = 2147483647;
			files = (
				60DA03462A423A6500C86A92 /* tip_calculatorTests.swift in Sources */,
			);
			runOnlyForDeploymentPostprocessing = 0;
		};
		60DA03472A423A6500C86A92 /* Sources */ = {
			isa = PBXSourcesBuildPhase;
			buildActionMask = 2147483647;
			files = (
				60DA03522A423A6500C86A92 /* tip_calculatorUITestsLaunchTests.swift in Sources */,
				60DA03502A423A6500C86A92 /* tip_calculatorUITests.swift in Sources */,
			);
			runOnlyForDeploymentPostprocessing = 0;
		};
/* End PBXSourcesBuildPhase section */

/* Begin PBXTargetDependency section */
		60DA03432A423A6500C86A92 /* PBXTargetDependency */ = {
			isa = PBXTargetDependency;
			target = 60DA032A2A423A6400C86A92 /* tip-calculator */;
			targetProxy = 60DA03422A423A6500C86A92 /* PBXContainerItemProxy */;
		};
		60DA034D2A423A6500C86A92 /* PBXTargetDependency */ = {
			isa = PBXTargetDependency;
			target = 60DA032A2A423A6400C86A92 /* tip-calculator */;
			targetProxy = 60DA034C2A423A6500C86A92 /* PBXContainerItemProxy */;
		};
/* End PBXTargetDependency section */

/* Begin PBXVariantGroup section */
		60DA03392A423A6500C86A92 /* LaunchScreen.storyboard */ = {
			isa = PBXVariantGroup;
			children = (
				60DA033A2A423A6500C86A92 /* Base */,
			);
			name = LaunchScreen.storyboard;
			sourceTree = "<group>";
		};
/* End PBXVariantGroup section */

/* Begin XCBuildConfiguration section */
		60DA03532A423A6500C86A92 /* Debug */ = {
			isa = XCBuildConfiguration;
			buildSettings = {
				ALWAYS_SEARCH_USER_PATHS = NO;
				CLANG_ANALYZER_NONNULL = YES;
				CLANG_ANALYZER_NUMBER_OBJECT_CONVERSION = YES_AGGRESSIVE;
				CLANG_CXX_LANGUAGE_STANDARD = "gnu++20";
				CLANG_ENABLE_MODULES = YES;
				CLANG_ENABLE_OBJC_ARC = YES;
				CLANG_ENABLE_OBJC_WEAK = YES;
				CLANG_WARN_BLOCK_CAPTURE_AUTORELEASING = YES;
				CLANG_WARN_BOOL_CONVERSION = YES;
				CLANG_WARN_COMMA = YES;
				CLANG_WARN_CONSTANT_CONVERSION = YES;
				CLANG_WARN_DEPRECATED_OBJC_IMPLEMENTATIONS = YES;
				CLANG_WARN_DIRECT_OBJC_ISA_USAGE = YES_ERROR;
				CLANG_WARN_DOCUMENTATION_COMMENTS = YES;
				CLANG_WARN_EMPTY_BODY = YES;
				CLANG_WARN_ENUM_CONVERSION = YES;
				CLANG_WARN_INFINITE_RECURSION = YES;
				CLANG_WARN_INT_CONVERSION = YES;
				CLANG_WARN_NON_LITERAL_NULL_CONVERSION = YES;
				CLANG_WARN_OBJC_IMPLICIT_RETAIN_SELF = YES;
				CLANG_WARN_OBJC_LITERAL_CONVERSION = YES;
				CLANG_WARN_OBJC_ROOT_CLASS = YES_ERROR;
				CLANG_WARN_QUOTED_INCLUDE_IN_FRAMEWORK_HEADER = YES;
				CLANG_WARN_RANGE_LOOP_ANALYSIS = YES;
				CLANG_WARN_STRICT_PROTOTYPES = YES;
				CLANG_WARN_SUSPICIOUS_MOVE = YES;
				CLANG_WARN_UNGUARDED_AVAILABILITY = YES_AGGRESSIVE;
				CLANG_WARN_UNREACHABLE_CODE = YES;
				CLANG_WARN__DUPLICATE_METHOD_MATCH = YES;
				COPY_PHASE_STRIP = NO;
				DEBUG_INFORMATION_FORMAT = dwarf;
				ENABLE_STRICT_OBJC_MSGSEND = YES;
				ENABLE_TESTABILITY = YES;
				GCC_C_LANGUAGE_STANDARD = gnu11;
				GCC_DYNAMIC_NO_PIC = NO;
				GCC_NO_COMMON_BLOCKS = YES;
				GCC_OPTIMIZATION_LEVEL = 0;
				GCC_PREPROCESSOR_DEFINITIONS = (
					"DEBUG=1",
					"$(inherited)",
				);
				GCC_WARN_64_TO_32_BIT_CONVERSION = YES;
				GCC_WARN_ABOUT_RETURN_TYPE = YES_ERROR;
				GCC_WARN_UNDECLARED_SELECTOR = YES;
				GCC_WARN_UNINITIALIZED_AUTOS = YES_AGGRESSIVE;
				GCC_WARN_UNUSED_FUNCTION = YES;
				GCC_WARN_UNUSED_VARIABLE = YES;
				IPHONEOS_DEPLOYMENT_TARGET = 16.4;
				MTL_ENABLE_DEBUG_INFO = INCLUDE_SOURCE;
				MTL_FAST_MATH = YES;
				ONLY_ACTIVE_ARCH = YES;
				SDKROOT = iphoneos;
				SWIFT_ACTIVE_COMPILATION_CONDITIONS = DEBUG;
				SWIFT_OPTIMIZATION_LEVEL = "-Onone";
			};
			name = Debug;
		};
		60DA03542A423A6500C86A92 /* Release */ = {
			isa = XCBuildConfiguration;
			buildSettings = {
				ALWAYS_SEARCH_USER_PATHS = NO;
				CLANG_ANALYZER_NONNULL = YES;
				CLANG_ANALYZER_NUMBER_OBJECT_CONVERSION = YES_AGGRESSIVE;
				CLANG_CXX_LANGUAGE_STANDARD = "gnu++20";
				CLANG_ENABLE_MODULES = YES;
				CLANG_ENABLE_OBJC_ARC = YES;
				CLANG_ENABLE_OBJC_WEAK = YES;
				CLANG_WARN_BLOCK_CAPTURE_AUTORELEASING = YES;
				CLANG_WARN_BOOL_CONVERSION = YES;
				CLANG_WARN_COMMA = YES;
				CLANG_WARN_CONSTANT_CONVERSION = YES;
				CLANG_WARN_DEPRECATED_OBJC_IMPLEMENTATIONS = YES;
				CLANG_WARN_DIRECT_OBJC_ISA_USAGE = YES_ERROR;
				CLANG_WARN_DOCUMENTATION_COMMENTS = YES;
				CLANG_WARN_EMPTY_BODY = YES;
				CLANG_WARN_ENUM_CONVERSION = YES;
				CLANG_WARN_INFINITE_RECURSION = YES;
				CLANG_WARN_INT_CONVERSION = YES;
				CLANG_WARN_NON_LITERAL_NULL_CONVERSION = YES;
				CLANG_WARN_OBJC_IMPLICIT_RETAIN_SELF = YES;
				CLANG_WARN_OBJC_LITERAL_CONVERSION = YES;
				CLANG_WARN_OBJC_ROOT_CLASS = YES_ERROR;
				CLANG_WARN_QUOTED_INCLUDE_IN_FRAMEWORK_HEADER = YES;
				CLANG_WARN_RANGE_LOOP_ANALYSIS = YES;
				CLANG_WARN_STRICT_PROTOTYPES = YES;
				CLANG_WARN_SUSPICIOUS_MOVE = YES;
				CLANG_WARN_UNGUARDED_AVAILABILITY = YES_AGGRESSIVE;
				CLANG_WARN_UNREACHABLE_CODE = YES;
				CLANG_WARN__DUPLICATE_METHOD_MATCH = YES;
				COPY_PHASE_STRIP = NO;
				DEBUG_INFORMATION_FORMAT = "dwarf-with-dsym";
				ENABLE_NS_ASSERTIONS = NO;
				ENABLE_STRICT_OBJC_MSGSEND = YES;
				GCC_C_LANGUAGE_STANDARD = gnu11;
				GCC_NO_COMMON_BLOCKS = YES;
				GCC_WARN_64_TO_32_BIT_CONVERSION = YES;
				GCC_WARN_ABOUT_RETURN_TYPE = YES_ERROR;
				GCC_WARN_UNDECLARED_SELECTOR = YES;
				GCC_WARN_UNINITIALIZED_AUTOS = YES_AGGRESSIVE;
				GCC_WARN_UNUSED_FUNCTION = YES;
				GCC_WARN_UNUSED_VARIABLE = YES;
				IPHONEOS_DEPLOYMENT_TARGET = 16.4;
				MTL_ENABLE_DEBUG_INFO = NO;
				MTL_FAST_MATH = YES;
				SDKROOT = iphoneos;
				SWIFT_COMPILATION_MODE = wholemodule;
				SWIFT_OPTIMIZATION_LEVEL = "-O";
				VALIDATE_PRODUCT = YES;
			};
			name = Release;
		};
		60DA03562A423A6500C86A92 /* Debug */ = {
			isa = XCBuildConfiguration;
			buildSettings = {
				ASSETCATALOG_COMPILER_APPICON_NAME = AppIcon;
				ASSETCATALOG_COMPILER_GLOBAL_ACCENT_COLOR_NAME = AccentColor;
				CODE_SIGN_STYLE = Automatic;
				CURRENT_PROJECT_VERSION = 1;
				DEVELOPMENT_TEAM = XX56C8Q5GR;
				GENERATE_INFOPLIST_FILE = YES;
				INFOPLIST_FILE = "tip-calculator/Info.plist";
				INFOPLIST_KEY_UIApplicationSupportsIndirectInputEvents = YES;
				INFOPLIST_KEY_UILaunchStoryboardName = LaunchScreen;
				INFOPLIST_KEY_UISupportedInterfaceOrientations_iPad = "UIInterfaceOrientationPortrait UIInterfaceOrientationPortraitUpsideDown UIInterfaceOrientationLandscapeLeft UIInterfaceOrientationLandscapeRight";
				INFOPLIST_KEY_UISupportedInterfaceOrientations_iPhone = "UIInterfaceOrientationPortrait UIInterfaceOrientationLandscapeLeft UIInterfaceOrientationLandscapeRight";
				LD_RUNPATH_SEARCH_PATHS = (
					"$(inherited)",
					"@executable_path/Frameworks",
				);
				MARKETING_VERSION = 1.0;
				PRODUCT_BUNDLE_IDENTIFIER = "com.moetstein.tip-calculator";
				PRODUCT_NAME = "$(TARGET_NAME)";
				SWIFT_EMIT_LOC_STRINGS = YES;
				SWIFT_VERSION = 5.0;
				TARGETED_DEVICE_FAMILY = "1,2";
			};
			name = Debug;
		};
		60DA03572A423A6500C86A92 /* Release */ = {
			isa = XCBuildConfiguration;
			buildSettings = {
				ASSETCATALOG_COMPILER_APPICON_NAME = AppIcon;
				ASSETCATALOG_COMPILER_GLOBAL_ACCENT_COLOR_NAME = AccentColor;
				CODE_SIGN_STYLE = Automatic;
				CURRENT_PROJECT_VERSION = 1;
				DEVELOPMENT_TEAM = XX56C8Q5GR;
				GENERATE_INFOPLIST_FILE = YES;
				INFOPLIST_FILE = "tip-calculator/Info.plist";
				INFOPLIST_KEY_UIApplicationSupportsIndirectInputEvents = YES;
				INFOPLIST_KEY_UILaunchStoryboardName = LaunchScreen;
				INFOPLIST_KEY_UISupportedInterfaceOrientations_iPad = "UIInterfaceOrientationPortrait UIInterfaceOrientationPortraitUpsideDown UIInterfaceOrientationLandscapeLeft UIInterfaceOrientationLandscapeRight";
				INFOPLIST_KEY_UISupportedInterfaceOrientations_iPhone = "UIInterfaceOrientationPortrait UIInterfaceOrientationLandscapeLeft UIInterfaceOrientationLandscapeRight";
				LD_RUNPATH_SEARCH_PATHS = (
					"$(inherited)",
					"@executable_path/Frameworks",
				);
				MARKETING_VERSION = 1.0;
				PRODUCT_BUNDLE_IDENTIFIER = "com.moetstein.tip-calculator";
				PRODUCT_NAME = "$(TARGET_NAME)";
				SWIFT_EMIT_LOC_STRINGS = YES;
				SWIFT_VERSION = 5.0;
				TARGETED_DEVICE_FAMILY = "1,2";
			};
			name = Release;
		};
		60DA03592A423A6500C86A92 /* Debug */ = {
			isa = XCBuildConfiguration;
			buildSettings = {
				ALWAYS_EMBED_SWIFT_STANDARD_LIBRARIES = YES;
				BUNDLE_LOADER = "$(TEST_HOST)";
				CODE_SIGN_STYLE = Automatic;
				CURRENT_PROJECT_VERSION = 1;
				DEVELOPMENT_TEAM = XX56C8Q5GR;
				GENERATE_INFOPLIST_FILE = YES;
				IPHONEOS_DEPLOYMENT_TARGET = 16.4;
				MARKETING_VERSION = 1.0;
				PRODUCT_BUNDLE_IDENTIFIER = "com.moetstein.tip-calculatorTests";
				PRODUCT_NAME = "$(TARGET_NAME)";
				SWIFT_EMIT_LOC_STRINGS = NO;
				SWIFT_VERSION = 5.0;
				TARGETED_DEVICE_FAMILY = "1,2";
				TEST_HOST = "$(BUILT_PRODUCTS_DIR)/tip-calculator.app/$(BUNDLE_EXECUTABLE_FOLDER_PATH)/tip-calculator";
			};
			name = Debug;
		};
		60DA035A2A423A6500C86A92 /* Release */ = {
			isa = XCBuildConfiguration;
			buildSettings = {
				ALWAYS_EMBED_SWIFT_STANDARD_LIBRARIES = YES;
				BUNDLE_LOADER = "$(TEST_HOST)";
				CODE_SIGN_STYLE = Automatic;
				CURRENT_PROJECT_VERSION = 1;
				DEVELOPMENT_TEAM = XX56C8Q5GR;
				GENERATE_INFOPLIST_FILE = YES;
				IPHONEOS_DEPLOYMENT_TARGET = 16.4;
				MARKETING_VERSION = 1.0;
				PRODUCT_BUNDLE_IDENTIFIER = "com.moetstein.tip-calculatorTests";
				PRODUCT_NAME = "$(TARGET_NAME)";
				SWIFT_EMIT_LOC_STRINGS = NO;
				SWIFT_VERSION = 5.0;
				TARGETED_DEVICE_FAMILY = "1,2";
				TEST_HOST = "$(BUILT_PRODUCTS_DIR)/tip-calculator.app/$(BUNDLE_EXECUTABLE_FOLDER_PATH)/tip-calculator";
			};
			name = Release;
		};
		60DA035C2A423A6500C86A92 /* Debug */ = {
			isa = XCBuildConfiguration;
			buildSettings = {
				ALWAYS_EMBED_SWIFT_STANDARD_LIBRARIES = YES;
				CODE_SIGN_STYLE = Automatic;
				CURRENT_PROJECT_VERSION = 1;
				DEVELOPMENT_TEAM = XX56C8Q5GR;
				GENERATE_INFOPLIST_FILE = YES;
				MARKETING_VERSION = 1.0;
				PRODUCT_BUNDLE_IDENTIFIER = "com.moetstein.tip-calculatorUITests";
				PRODUCT_NAME = "$(TARGET_NAME)";
				SWIFT_EMIT_LOC_STRINGS = NO;
				SWIFT_VERSION = 5.0;
				TARGETED_DEVICE_FAMILY = "1,2";
				TEST_TARGET_NAME = "tip-calculator";
			};
			name = Debug;
		};
		60DA035D2A423A6500C86A92 /* Release */ = {
			isa = XCBuildConfiguration;
			buildSettings = {
				ALWAYS_EMBED_SWIFT_STANDARD_LIBRARIES = YES;
				CODE_SIGN_STYLE = Automatic;
				CURRENT_PROJECT_VERSION = 1;
				DEVELOPMENT_TEAM = XX56C8Q5GR;
				GENERATE_INFOPLIST_FILE = YES;
				MARKETING_VERSION = 1.0;
				PRODUCT_BUNDLE_IDENTIFIER = "com.moetstein.tip-calculatorUITests";
				PRODUCT_NAME = "$(TARGET_NAME)";
				SWIFT_EMIT_LOC_STRINGS = NO;
				SWIFT_VERSION = 5.0;
				TARGETED_DEVICE_FAMILY = "1,2";
				TEST_TARGET_NAME = "tip-calculator";
			};
			name = Release;
		};
/* End XCBuildConfiguration section */

/* Begin XCConfigurationList section */
		60DA03262A423A6400C86A92 /* Build configuration list for PBXProject "tip-calculator" */ = {
			isa = XCConfigurationList;
			buildConfigurations = (
				60DA03532A423A6500C86A92 /* Debug */,
				60DA03542A423A6500C86A92 /* Release */,
			);
			defaultConfigurationIsVisible = 0;
			defaultConfigurationName = Release;
		};
		60DA03552A423A6500C86A92 /* Build configuration list for PBXNativeTarget "tip-calculator" */ = {
			isa = XCConfigurationList;
			buildConfigurations = (
				60DA03562A423A6500C86A92 /* Debug */,
				60DA03572A423A6500C86A92 /* Release */,
			);
			defaultConfigurationIsVisible = 0;
			defaultConfigurationName = Release;
		};
		60DA03582A423A6500C86A92 /* Build configuration list for PBXNativeTarget "tip-calculatorTests" */ = {
			isa = XCConfigurationList;
			buildConfigurations = (
				60DA03592A423A6500C86A92 /* Debug */,
				60DA035A2A423A6500C86A92 /* Release */,
			);
			defaultConfigurationIsVisible = 0;
			defaultConfigurationName = Release;
		};
		60DA035B2A423A6500C86A92 /* Build configuration list for PBXNativeTarget "tip-calculatorUITests" */ = {
			isa = XCConfigurationList;
			buildConfigurations = (
				60DA035C2A423A6500C86A92 /* Debug */,
				60DA035D2A423A6500C86A92 /* Release */,
			);
			defaultConfigurationIsVisible = 0;
			defaultConfigurationName = Release;
		};
/* End XCConfigurationList section */

/* Begin XCRemoteSwiftPackageReference section */
		60DA035E2A423AEE00C86A92 /* XCRemoteSwiftPackageReference "CombineCocoa" */ = {
			isa = XCRemoteSwiftPackageReference;
			repositoryURL = "https://github.com/CombineCommunity/CombineCocoa.git";
			requirement = {
				kind = upToNextMinorVersion;
				minimumVersion = 0.4.1;
			};
		};
		60DA03612A423B2700C86A92 /* XCRemoteSwiftPackageReference "SnapKit" */ = {
			isa = XCRemoteSwiftPackageReference;
			repositoryURL = "https://github.com/SnapKit/SnapKit.git";
			requirement = {
				kind = upToNextMinorVersion;
				minimumVersion = 5.6.0;
			};
		};
		60DA03672A423B9E00C86A92 /* XCRemoteSwiftPackageReference "swift-snapshot-testing" */ = {
			isa = XCRemoteSwiftPackageReference;
			repositoryURL = "https://github.com/pointfreeco/swift-snapshot-testing";
			requirement = {
				kind = upToNextMinorVersion;
				minimumVersion = 1.11.0;
			};
		};
/* End XCRemoteSwiftPackageReference section */

/* Begin XCSwiftPackageProductDependency section */
		60DA035F2A423AEE00C86A92 /* CombineCocoa */ = {
			isa = XCSwiftPackageProductDependency;
			package = 60DA035E2A423AEE00C86A92 /* XCRemoteSwiftPackageReference "CombineCocoa" */;
			productName = CombineCocoa;
		};
		60DA03622A423B2700C86A92 /* SnapKit */ = {
			isa = XCSwiftPackageProductDependency;
			package = 60DA03612A423B2700C86A92 /* XCRemoteSwiftPackageReference "SnapKit" */;
			productName = SnapKit;
		};
		60DA03652A423B6000C86A92 /* CombineCocoa */ = {
			isa = XCSwiftPackageProductDependency;
			package = 60DA035E2A423AEE00C86A92 /* XCRemoteSwiftPackageReference "CombineCocoa" */;
			productName = CombineCocoa;
		};
		60DA03682A423B9E00C86A92 /* SnapshotTesting */ = {
			isa = XCSwiftPackageProductDependency;
			package = 60DA03672A423B9E00C86A92 /* XCRemoteSwiftPackageReference "swift-snapshot-testing" */;
			productName = SnapshotTesting;
		};
		60DA036A2A423BB400C86A92 /* CombineCocoa */ = {
			isa = XCSwiftPackageProductDependency;
			package = 60DA035E2A423AEE00C86A92 /* XCRemoteSwiftPackageReference "CombineCocoa" */;
			productName = CombineCocoa;
		};
/* End XCSwiftPackageProductDependency section */
	};
	rootObject = 60DA03232A423A6400C86A92 /* Project object */;
}
